dependencies:
- name: gluon
  repository: oci://registry1.dso.mil/bigbang
  version: 0.7.0
- name: metrics-server
  repository: https://kubernetes-sigs.github.io/metrics-server/
  version: 3.13.0
digest: sha256:9403934a747ca19f8540f61fc3d0a10c894f23caf413d052e146642c20005eb8
generated: "2025-07-22T15:46:24.185231059Z"
